PODS:
  - LTMorphingLabel (0.7.0)
  - Pastel (0.6.0)
  - UICircularProgressRing (6.2.1)

DEPENDENCIES:
  - LTMorphingLabel
  - Pastel
  - UICircularProgressRing

SPEC REPOS:
  https://github.com/cocoapods/specs.git:
    - LTMorphingLabel
    - Pastel
    - UICircularProgressRing

SPEC CHECKSUMS:
  LTMorphingLabel: 22147fb1ec2b0306537ccc348b36ea8617179b03
  Pastel: 814f081efbe2859c37e65ee44f396e6e5be88619
  UICircularProgressRing: b52543c79dbd89844e13f0053e3f565b7d7efc5c

PODFILE CHECKSUM: 5e4bbaee110f6198a80094b949d5377ffbec34ee

COCOAPODS: 1.7.5
